
Microsoft Visual Studio Solution File, Format Version 12.00
# Visual Studio Version 17
VisualStudioVersion = 17.1.32328.378
MinimumVisualStudioVersion = 10.0.40219.1
Project("{9A19103F-16F7-4668-BE54-9A1E7A4F7556}") = "001_BMI", "001_BMI\001_BMI.csproj", "{A9F9535E-3203-428B-991E-EE92D417C4A3}"
EndProject
Project("{FAE04EC0-301F-11D3-BF4B-00C04F79EFBC}") = "002_BMI_Form", "002_BMI_Form\002_BMI_Form.csproj", "{B01E38F7-D541-4849-A48A-83DEA12636E4}"
EndProject
Project("{9A19103F-16F7-4668-BE54-9A1E7A4F7556}") = "003_StudentNumber", "003_StudentNumber\003_StudentNumber.csproj", "{B37BD5F3-DE3B-429A-BBA6-45D27CA869CC}"
EndProject
Project("{9A19103F-16F7-4668-BE54-9A1E7A4F7556}") = "004_Arithmetic", "004_Arithmetic\004_Arithmetic.csproj", "{C23C0C31-4910-4CE9-B0CA-131C8DEB9B79}"
EndProject
Project("{9A19103F-16F7-4668-BE54-9A1E7A4F7556}") = "005_Relational", "005_Relational\005_Relational.csproj", "{00CDD4D4-CB38-4410-9068-EC80878E7DE5}"
EndProject
Project("{9A19103F-16F7-4668-BE54-9A1E7A4F7556}") = "006_Loop", "006_Loop\006_Loop.csproj", "{B96E1C3C-76D2-4144-9915-DAB1BC4501F5}"
EndProject
Project("{9A19103F-16F7-4668-BE54-9A1E7A4F7556}") = "007_Power", "007_Power\007_Power.csproj", "{733735AB-8885-4035-B4D2-E65B95B96CDF}"
EndProject
Project("{9A19103F-16F7-4668-BE54-9A1E7A4F7556}") = "008_Gugu", "008_Gugu\008_Gugu.csproj", "{3F451F8D-B6A5-4841-9145-D22A1A7C77FC}"
EndProject
Project("{9A19103F-16F7-4668-BE54-9A1E7A4F7556}") = "009_Prime", "009_Prime\009_Prime.csproj", "{9FE8C976-6B65-4F57-8697-EC73CE072C62}"
EndProject
Project("{9A19103F-16F7-4668-BE54-9A1E7A4F7556}") = "010_Pyramid", "010_Pyramid\010_Pyramid.csproj", "{EE8980E8-1A14-4CE6-8DE1-99B4F0DF33DC}"
EndProject
Project("{9A19103F-16F7-4668-BE54-9A1E7A4F7556}") = "011_Array", "011_Array\011_Array.csproj", "{DBBB3D1A-C832-4357-8823-2F30104F602E}"
EndProject
Project("{9A19103F-16F7-4668-BE54-9A1E7A4F7556}") = "012_Sort", "012_Sort\012_Sort.csproj", "{577C520D-6A8B-408B-87F4-6B555BCC62AD}"
EndProject
Project("{9A19103F-16F7-4668-BE54-9A1E7A4F7556}") = "013_Larger", "013_Larger\013_Larger.csproj", "{E75FBD27-7465-4211-B99A-BAEAD224FE60}"
EndProject
Project("{9A19103F-16F7-4668-BE54-9A1E7A4F7556}") = "014_PyramidMethod", "014_PyramidMethod\014_PyramidMethod.csproj", "{B687E35B-E212-4C29-A5B5-4AA9E3CA8E76}"
EndProject
Project("{9A19103F-16F7-4668-BE54-9A1E7A4F7556}") = "015_Factorial", "015_Factorial\015_Factorial.csproj", "{3DE74B9A-8038-47E6-8EA1-4DA70AE093BB}"
EndProject
Project("{9A19103F-16F7-4668-BE54-9A1E7A4F7556}") = "016_Hanoi", "016_Hanoi\016_Hanoi.csproj", "{48640A09-3A2D-42C8-819D-5BD219756A81}"
EndProject
Project("{FAE04EC0-301F-11D3-BF4B-00C04F79EFBC}") = "017_Hello", "017_Hello\017_Hello.csproj", "{D3032E09-7D1D-4BFA-8905-E049246355FE}"
EndProject
Project("{FAE04EC0-301F-11D3-BF4B-00C04F79EFBC}") = "018_AnotherForm", "018_AnotherForm\018_AnotherForm.csproj", "{1B78868F-58CA-4263-9107-9BF756CBC7E5}"
EndProject
Project("{FAE04EC0-301F-11D3-BF4B-00C04F79EFBC}") = "019_MessageBox", "019_MessageBox\019_MessageBox.csproj", "{F7FAD2C9-6409-4E7D-9BE3-DE601DD8590F}"
EndProject
Project("{FAE04EC0-301F-11D3-BF4B-00C04F79EFBC}") = "020_Basic", "020_Basic\020_Basic.csproj", "{8DD55A84-7443-446C-9EC0-40B0FCFE093D}"
EndProject
Project("{FAE04EC0-301F-11D3-BF4B-00C04F79EFBC}") = "021_Label", "021_Label\021_Label.csproj", "{EFB94BBC-D95B-4BCF-9319-6DC56FE57B3E}"
EndProject
Project("{FAE04EC0-301F-11D3-BF4B-00C04F79EFBC}") = "022_FavoriteFruit", "022_FavoriteFruit\022_FavoriteFruit.csproj", "{A5A4E1C2-225D-4503-97A2-F2783E16A2C4}"
EndProject
Project("{FAE04EC0-301F-11D3-BF4B-00C04F79EFBC}") = "023_Radiobox", "023_Radiobox\023_Radiobox.csproj", "{0E88CB19-0F25-4CD8-A27F-D97D667F6297}"
EndProject
Project("{FAE04EC0-301F-11D3-BF4B-00C04F79EFBC}") = "024_Score", "024_Score\024_Score.csproj", "{76C4CBAC-C1F8-4572-A3EB-EC73B5FE36EB}"
EndProject
Project("{FAE04EC0-301F-11D3-BF4B-00C04F79EFBC}") = "025_Scroll", "025_Scroll\025_Scroll.csproj", "{BE42951B-552A-4685-9586-1054EF7F60AD}"
EndProject
Project("{FAE04EC0-301F-11D3-BF4B-00C04F79EFBC}") = "026_ScoreCal", "026_ScoreCal\026_ScoreCal.csproj", "{CE6F53D8-F486-428A-B8C1-A6C4936DA2AD}"
EndProject
Project("{FAE04EC0-301F-11D3-BF4B-00C04F79EFBC}") = "027_ThreeListbox", "027_ThreeListbox\027_ThreeListbox.csproj", "{642BFDED-229D-4891-B686-88644EF366EA}"
EndProject
Project("{FAE04EC0-301F-11D3-BF4B-00C04F79EFBC}") = "028_Timer", "028_Timer\028_Timer.csproj", "{AC615FF0-0D64-465D-9250-6A7DB8F42987}"
EndProject
Project("{FAE04EC0-301F-11D3-BF4B-00C04F79EFBC}") = "029_DateTimePicker", "029_DateTimePicker\029_DateTimePicker.csproj", "{987E4439-2A69-496D-B293-438B3148709B}"
EndProject
Project("{FAE04EC0-301F-11D3-BF4B-00C04F79EFBC}") = "030_WMP", "030_WMP\030_WMP.csproj", "{61903105-86BA-4505-AB2E-02417A9E90DC}"
EndProject
Project("{FAE04EC0-301F-11D3-BF4B-00C04F79EFBC}") = "031_WPF_Hello", "031_WPF_Hello\031_WPF_Hello.csproj", "{94990AA5-D4C0-4C4B-B8B6-1D14344E759A}"
EndProject
Project("{FAE04EC0-301F-11D3-BF4B-00C04F79EFBC}") = "032_Grid", "032_Grid\032_Grid.csproj", "{DFDEEA6D-C2BF-479E-9A7F-D5A2C7026AC5}"
EndProject
Project("{FAE04EC0-301F-11D3-BF4B-00C04F79EFBC}") = "033_Login", "033_Login\033_Login.csproj", "{4377134D-5F6B-4B5C-B8D4-77272C9B394C}"
EndProject
Project("{FAE04EC0-301F-11D3-BF4B-00C04F79EFBC}") = "034_Favorite_Language", "034_Favorite_Language\034_Favorite_Language.csproj", "{C4B53D86-B049-4369-9559-B9BC9C1928E7}"
EndProject
Project("{FAE04EC0-301F-11D3-BF4B-00C04F79EFBC}") = "035_UserControl", "035_UserControl\035_UserControl.csproj", "{8CAC0A27-7700-4EB5-87AC-DFFACF9A976B}"
EndProject
Project("{FAE04EC0-301F-11D3-BF4B-00C04F79EFBC}") = "036_UniformGrid", "036_UniformGrid\036_UniformGrid.csproj", "{73BC01F7-4C7E-4922-BE18-1838311912A6}"
EndProject
Project("{FAE04EC0-301F-11D3-BF4B-00C04F79EFBC}") = "037_ChessBoard", "037_ChessBoard\037_ChessBoard.csproj", "{821D217F-9C9C-4501-82FF-2C7BE3037CE3}"
EndProject
Project("{FAE04EC0-301F-11D3-BF4B-00C04F79EFBC}") = "038_WIndowCal", "038_WIndowCal\038_WIndowCal.csproj", "{53EF2755-B4C4-49EF-9AEA-4BFC970292D4}"
EndProject
Project("{9A19103F-16F7-4668-BE54-9A1E7A4F7556}") = "039_ListArray", "039_ListArray\039_ListArray.csproj", "{20A790F4-5091-4E9F-B8EA-EEC166DD0CD1}"
EndProject
Project("{FAE04EC0-301F-11D3-BF4B-00C04F79EFBC}") = "040_PhoneBook", "040_PhoneBook\040_PhoneBook.csproj", "{934A4E49-2DE9-4797-8AA4-C94CA56D009B}"
EndProject
Project("{FAE04EC0-301F-11D3-BF4B-00C04F79EFBC}") = "041_Login", "041_Login\041_Login.csproj", "{795FD210-5E6C-4DF1-BD36-A1D68A145F18}"
EndProject
Project("{FAE04EC0-301F-11D3-BF4B-00C04F79EFBC}") = "042_Splash", "042_Splash\042_Splash.csproj", "{BD3DEBC2-E760-40C4-B14C-2BB2BFBC1AD7}"
EndProject
Project("{FAE04EC0-301F-11D3-BF4B-00C04F79EFBC}") = "043.Chart", "043.Chart\043.Chart.csproj", "{E53D7C50-D844-4C81-B95E-DBF465A0242D}"
EndProject
Project("{FAE04EC0-301F-11D3-BF4B-00C04F79EFBC}") = "044_TwoChart", "044_TwoChart\044_TwoChart.csproj", "{9371C1F6-D706-4D3D-AC9D-B81DBA43C43A}"
EndProject
Project("{FAE04EC0-301F-11D3-BF4B-00C04F79EFBC}") = "045_Graph", "045_Graph\045_Graph.csproj", "{9632C823-BF87-4BFA-AFDA-013E84F98930}"
EndProject
Project("{FAE04EC0-301F-11D3-BF4B-00C04F79EFBC}") = "046_EcgPpg", "046_EcgPpt\046_EcgPpg.csproj", "{D03A0D00-70BA-4C3F-BA6E-27278F69B67F}"
EndProject
Project("{FAE04EC0-301F-11D3-BF4B-00C04F79EFBC}") = "047_MatchingGame", "047_MatchingGame\047_MatchingGame.csproj", "{50ECDDC4-0FA1-4419-8794-7952ED3D14B4}"
EndProject
Project("{FAE04EC0-301F-11D3-BF4B-00C04F79EFBC}") = "048_FormClock", "048_FormClock\048_FormClock.csproj", "{8E7997AE-1354-4468-BBD6-F64A36FB1805}"
EndProject
Project("{FAE04EC0-301F-11D3-BF4B-00C04F79EFBC}") = "049_WPF_Clock", "049_WPF_Clock\049_WPF_Clock.csproj", "{EA7BC02E-F444-46C4-9BE2-8E6679E9E346}"
EndProject
Project("{FAE04EC0-301F-11D3-BF4B-00C04F79EFBC}") = "050_Rotationg_Clock", "050_Rotationg_Clock\050_Rotationg_Clock.csproj", "{CF1DF550-7008-4EAE-BF42-A964694A29B8}"
EndProject
Project("{FAE04EC0-301F-11D3-BF4B-00C04F79EFBC}") = "051_SnakeBite", "051_SnakeBite\051_SnakeBite.csproj", "{A04CDE6B-6809-4A13-8100-381546236F1F}"
EndProject
Global
	GlobalSection(SolutionConfigurationPlatforms) = preSolution
		Debug|Any CPU = Debug|Any CPU
		Debug|x86 = Debug|x86
		Release|Any CPU = Release|Any CPU
		Release|x86 = Release|x86
	EndGlobalSection
	GlobalSection(ProjectConfigurationPlatforms) = postSolution
		{A9F9535E-3203-428B-991E-EE92D417C4A3}.Debug|Any CPU.ActiveCfg = Debug|Any CPU
		{A9F9535E-3203-428B-991E-EE92D417C4A3}.Debug|Any CPU.Build.0 = Debug|Any CPU
		{A9F9535E-3203-428B-991E-EE92D417C4A3}.Debug|x86.ActiveCfg = Debug|Any CPU
		{A9F9535E-3203-428B-991E-EE92D417C4A3}.Debug|x86.Build.0 = Debug|Any CPU
		{A9F9535E-3203-428B-991E-EE92D417C4A3}.Release|Any CPU.ActiveCfg = Release|Any CPU
		{A9F9535E-3203-428B-991E-EE92D417C4A3}.Release|Any CPU.Build.0 = Release|Any CPU
		{A9F9535E-3203-428B-991E-EE92D417C4A3}.Release|x86.ActiveCfg = Release|Any CPU
		{A9F9535E-3203-428B-991E-EE92D417C4A3}.Release|x86.Build.0 = Release|Any CPU
		{B01E38F7-D541-4849-A48A-83DEA12636E4}.Debug|Any CPU.ActiveCfg = Debug|Any CPU
		{B01E38F7-D541-4849-A48A-83DEA12636E4}.Debug|Any CPU.Build.0 = Debug|Any CPU
		{B01E38F7-D541-4849-A48A-83DEA12636E4}.Debug|x86.ActiveCfg = Debug|Any CPU
		{B01E38F7-D541-4849-A48A-83DEA12636E4}.Debug|x86.Build.0 = Debug|Any CPU
		{B01E38F7-D541-4849-A48A-83DEA12636E4}.Release|Any CPU.ActiveCfg = Release|Any CPU
		{B01E38F7-D541-4849-A48A-83DEA12636E4}.Release|Any CPU.Build.0 = Release|Any CPU
		{B01E38F7-D541-4849-A48A-83DEA12636E4}.Release|x86.ActiveCfg = Release|Any CPU
		{B01E38F7-D541-4849-A48A-83DEA12636E4}.Release|x86.Build.0 = Release|Any CPU
		{B37BD5F3-DE3B-429A-BBA6-45D27CA869CC}.Debug|Any CPU.ActiveCfg = Debug|Any CPU
		{B37BD5F3-DE3B-429A-BBA6-45D27CA869CC}.Debug|Any CPU.Build.0 = Debug|Any CPU
		{B37BD5F3-DE3B-429A-BBA6-45D27CA869CC}.Debug|x86.ActiveCfg = Debug|Any CPU
		{B37BD5F3-DE3B-429A-BBA6-45D27CA869CC}.Debug|x86.Build.0 = Debug|Any CPU
		{B37BD5F3-DE3B-429A-BBA6-45D27CA869CC}.Release|Any CPU.ActiveCfg = Release|Any CPU
		{B37BD5F3-DE3B-429A-BBA6-45D27CA869CC}.Release|Any CPU.Build.0 = Release|Any CPU
		{B37BD5F3-DE3B-429A-BBA6-45D27CA869CC}.Release|x86.ActiveCfg = Release|Any CPU
		{B37BD5F3-DE3B-429A-BBA6-45D27CA869CC}.Release|x86.Build.0 = Release|Any CPU
		{C23C0C31-4910-4CE9-B0CA-131C8DEB9B79}.Debug|Any CPU.ActiveCfg = Debug|Any CPU
		{C23C0C31-4910-4CE9-B0CA-131C8DEB9B79}.Debug|Any CPU.Build.0 = Debug|Any CPU
		{C23C0C31-4910-4CE9-B0CA-131C8DEB9B79}.Debug|x86.ActiveCfg = Debug|Any CPU
		{C23C0C31-4910-4CE9-B0CA-131C8DEB9B79}.Debug|x86.Build.0 = Debug|Any CPU
		{C23C0C31-4910-4CE9-B0CA-131C8DEB9B79}.Release|Any CPU.ActiveCfg = Release|Any CPU
		{C23C0C31-4910-4CE9-B0CA-131C8DEB9B79}.Release|Any CPU.Build.0 = Release|Any CPU
		{C23C0C31-4910-4CE9-B0CA-131C8DEB9B79}.Release|x86.ActiveCfg = Release|Any CPU
		{C23C0C31-4910-4CE9-B0CA-131C8DEB9B79}.Release|x86.Build.0 = Release|Any CPU
		{00CDD4D4-CB38-4410-9068-EC80878E7DE5}.Debug|Any CPU.ActiveCfg = Debug|Any CPU
		{00CDD4D4-CB38-4410-9068-EC80878E7DE5}.Debug|Any CPU.Build.0 = Debug|Any CPU
		{00CDD4D4-CB38-4410-9068-EC80878E7DE5}.Debug|x86.ActiveCfg = Debug|Any CPU
		{00CDD4D4-CB38-4410-9068-EC80878E7DE5}.Debug|x86.Build.0 = Debug|Any CPU
		{00CDD4D4-CB38-4410-9068-EC80878E7DE5}.Release|Any CPU.ActiveCfg = Release|Any CPU
		{00CDD4D4-CB38-4410-9068-EC80878E7DE5}.Release|Any CPU.Build.0 = Release|Any CPU
		{00CDD4D4-CB38-4410-9068-EC80878E7DE5}.Release|x86.ActiveCfg = Release|Any CPU
		{00CDD4D4-CB38-4410-9068-EC80878E7DE5}.Release|x86.Build.0 = Release|Any CPU
		{B96E1C3C-76D2-4144-9915-DAB1BC4501F5}.Debug|Any CPU.ActiveCfg = Debug|Any CPU
		{B96E1C3C-76D2-4144-9915-DAB1BC4501F5}.Debug|Any CPU.Build.0 = Debug|Any CPU
		{B96E1C3C-76D2-4144-9915-DAB1BC4501F5}.Debug|x86.ActiveCfg = Debug|Any CPU
		{B96E1C3C-76D2-4144-9915-DAB1BC4501F5}.Debug|x86.Build.0 = Debug|Any CPU
		{B96E1C3C-76D2-4144-9915-DAB1BC4501F5}.Release|Any CPU.ActiveCfg = Release|Any CPU
		{B96E1C3C-76D2-4144-9915-DAB1BC4501F5}.Release|Any CPU.Build.0 = Release|Any CPU
		{B96E1C3C-76D2-4144-9915-DAB1BC4501F5}.Release|x86.ActiveCfg = Release|Any CPU
		{B96E1C3C-76D2-4144-9915-DAB1BC4501F5}.Release|x86.Build.0 = Release|Any CPU
		{733735AB-8885-4035-B4D2-E65B95B96CDF}.Debug|Any CPU.ActiveCfg = Debug|Any CPU
		{733735AB-8885-4035-B4D2-E65B95B96CDF}.Debug|Any CPU.Build.0 = Debug|Any CPU
		{733735AB-8885-4035-B4D2-E65B95B96CDF}.Debug|x86.ActiveCfg = Debug|Any CPU
		{733735AB-8885-4035-B4D2-E65B95B96CDF}.Debug|x86.Build.0 = Debug|Any CPU
		{733735AB-8885-4035-B4D2-E65B95B96CDF}.Release|Any CPU.ActiveCfg = Release|Any CPU
		{733735AB-8885-4035-B4D2-E65B95B96CDF}.Release|Any CPU.Build.0 = Release|Any CPU
		{733735AB-8885-4035-B4D2-E65B95B96CDF}.Release|x86.ActiveCfg = Release|Any CPU
		{733735AB-8885-4035-B4D2-E65B95B96CDF}.Release|x86.Build.0 = Release|Any CPU
		{3F451F8D-B6A5-4841-9145-D22A1A7C77FC}.Debug|Any CPU.ActiveCfg = Debug|Any CPU
		{3F451F8D-B6A5-4841-9145-D22A1A7C77FC}.Debug|Any CPU.Build.0 = Debug|Any CPU
		{3F451F8D-B6A5-4841-9145-D22A1A7C77FC}.Debug|x86.ActiveCfg = Debug|Any CPU
		{3F451F8D-B6A5-4841-9145-D22A1A7C77FC}.Debug|x86.Build.0 = Debug|Any CPU
		{3F451F8D-B6A5-4841-9145-D22A1A7C77FC}.Release|Any CPU.ActiveCfg = Release|Any CPU
		{3F451F8D-B6A5-4841-9145-D22A1A7C77FC}.Release|Any CPU.Build.0 = Release|Any CPU
		{3F451F8D-B6A5-4841-9145-D22A1A7C77FC}.Release|x86.ActiveCfg = Release|Any CPU
		{3F451F8D-B6A5-4841-9145-D22A1A7C77FC}.Release|x86.Build.0 = Release|Any CPU
		{9FE8C976-6B65-4F57-8697-EC73CE072C62}.Debug|Any CPU.ActiveCfg = Debug|Any CPU
		{9FE8C976-6B65-4F57-8697-EC73CE072C62}.Debug|Any CPU.Build.0 = Debug|Any CPU
		{9FE8C976-6B65-4F57-8697-EC73CE072C62}.Debug|x86.ActiveCfg = Debug|Any CPU
		{9FE8C976-6B65-4F57-8697-EC73CE072C62}.Debug|x86.Build.0 = Debug|Any CPU
		{9FE8C976-6B65-4F57-8697-EC73CE072C62}.Release|Any CPU.ActiveCfg = Release|Any CPU
		{9FE8C976-6B65-4F57-8697-EC73CE072C62}.Release|Any CPU.Build.0 = Release|Any CPU
		{9FE8C976-6B65-4F57-8697-EC73CE072C62}.Release|x86.ActiveCfg = Release|Any CPU
		{9FE8C976-6B65-4F57-8697-EC73CE072C62}.Release|x86.Build.0 = Release|Any CPU
		{EE8980E8-1A14-4CE6-8DE1-99B4F0DF33DC}.Debug|Any CPU.ActiveCfg = Debug|Any CPU
		{EE8980E8-1A14-4CE6-8DE1-99B4F0DF33DC}.Debug|Any CPU.Build.0 = Debug|Any CPU
		{EE8980E8-1A14-4CE6-8DE1-99B4F0DF33DC}.Debug|x86.ActiveCfg = Debug|Any CPU
		{EE8980E8-1A14-4CE6-8DE1-99B4F0DF33DC}.Debug|x86.Build.0 = Debug|Any CPU
		{EE8980E8-1A14-4CE6-8DE1-99B4F0DF33DC}.Release|Any CPU.ActiveCfg = Release|Any CPU
		{EE8980E8-1A14-4CE6-8DE1-99B4F0DF33DC}.Release|Any CPU.Build.0 = Release|Any CPU
		{EE8980E8-1A14-4CE6-8DE1-99B4F0DF33DC}.Release|x86.ActiveCfg = Release|Any CPU
		{EE8980E8-1A14-4CE6-8DE1-99B4F0DF33DC}.Release|x86.Build.0 = Release|Any CPU
		{DBBB3D1A-C832-4357-8823-2F30104F602E}.Debug|Any CPU.ActiveCfg = Debug|Any CPU
		{DBBB3D1A-C832-4357-8823-2F30104F602E}.Debug|Any CPU.Build.0 = Debug|Any CPU
		{DBBB3D1A-C832-4357-8823-2F30104F602E}.Debug|x86.ActiveCfg = Debug|Any CPU
		{DBBB3D1A-C832-4357-8823-2F30104F602E}.Debug|x86.Build.0 = Debug|Any CPU
		{DBBB3D1A-C832-4357-8823-2F30104F602E}.Release|Any CPU.ActiveCfg = Release|Any CPU
		{DBBB3D1A-C832-4357-8823-2F30104F602E}.Release|Any CPU.Build.0 = Release|Any CPU
		{DBBB3D1A-C832-4357-8823-2F30104F602E}.Release|x86.ActiveCfg = Release|Any CPU
		{DBBB3D1A-C832-4357-8823-2F30104F602E}.Release|x86.Build.0 = Release|Any CPU
		{577C520D-6A8B-408B-87F4-6B555BCC62AD}.Debug|Any CPU.ActiveCfg = Debug|Any CPU
		{577C520D-6A8B-408B-87F4-6B555BCC62AD}.Debug|Any CPU.Build.0 = Debug|Any CPU
		{577C520D-6A8B-408B-87F4-6B555BCC62AD}.Debug|x86.ActiveCfg = Debug|Any CPU
		{577C520D-6A8B-408B-87F4-6B555BCC62AD}.Debug|x86.Build.0 = Debug|Any CPU
		{577C520D-6A8B-408B-87F4-6B555BCC62AD}.Release|Any CPU.ActiveCfg = Release|Any CPU
		{577C520D-6A8B-408B-87F4-6B555BCC62AD}.Release|Any CPU.Build.0 = Release|Any CPU
		{577C520D-6A8B-408B-87F4-6B555BCC62AD}.Release|x86.ActiveCfg = Release|Any CPU
		{577C520D-6A8B-408B-87F4-6B555BCC62AD}.Release|x86.Build.0 = Release|Any CPU
		{E75FBD27-7465-4211-B99A-BAEAD224FE60}.Debug|Any CPU.ActiveCfg = Debug|Any CPU
		{E75FBD27-7465-4211-B99A-BAEAD224FE60}.Debug|Any CPU.Build.0 = Debug|Any CPU
		{E75FBD27-7465-4211-B99A-BAEAD224FE60}.Debug|x86.ActiveCfg = Debug|Any CPU
		{E75FBD27-7465-4211-B99A-BAEAD224FE60}.Debug|x86.Build.0 = Debug|Any CPU
		{E75FBD27-7465-4211-B99A-BAEAD224FE60}.Release|Any CPU.ActiveCfg = Release|Any CPU
		{E75FBD27-7465-4211-B99A-BAEAD224FE60}.Release|Any CPU.Build.0 = Release|Any CPU
		{E75FBD27-7465-4211-B99A-BAEAD224FE60}.Release|x86.ActiveCfg = Release|Any CPU
		{E75FBD27-7465-4211-B99A-BAEAD224FE60}.Release|x86.Build.0 = Release|Any CPU
		{B687E35B-E212-4C29-A5B5-4AA9E3CA8E76}.Debug|Any CPU.ActiveCfg = Debug|Any CPU
		{B687E35B-E212-4C29-A5B5-4AA9E3CA8E76}.Debug|Any CPU.Build.0 = Debug|Any CPU
		{B687E35B-E212-4C29-A5B5-4AA9E3CA8E76}.Debug|x86.ActiveCfg = Debug|Any CPU
		{B687E35B-E212-4C29-A5B5-4AA9E3CA8E76}.Debug|x86.Build.0 = Debug|Any CPU
		{B687E35B-E212-4C29-A5B5-4AA9E3CA8E76}.Release|Any CPU.ActiveCfg = Release|Any CPU
		{B687E35B-E212-4C29-A5B5-4AA9E3CA8E76}.Release|Any CPU.Build.0 = Release|Any CPU
		{B687E35B-E212-4C29-A5B5-4AA9E3CA8E76}.Release|x86.ActiveCfg = Release|Any CPU
		{B687E35B-E212-4C29-A5B5-4AA9E3CA8E76}.Release|x86.Build.0 = Release|Any CPU
		{3DE74B9A-8038-47E6-8EA1-4DA70AE093BB}.Debug|Any CPU.ActiveCfg = Debug|Any CPU
		{3DE74B9A-8038-47E6-8EA1-4DA70AE093BB}.Debug|Any CPU.Build.0 = Debug|Any CPU
		{3DE74B9A-8038-47E6-8EA1-4DA70AE093BB}.Debug|x86.ActiveCfg = Debug|Any CPU
		{3DE74B9A-8038-47E6-8EA1-4DA70AE093BB}.Debug|x86.Build.0 = Debug|Any CPU
		{3DE74B9A-8038-47E6-8EA1-4DA70AE093BB}.Release|Any CPU.ActiveCfg = Release|Any CPU
		{3DE74B9A-8038-47E6-8EA1-4DA70AE093BB}.Release|Any CPU.Build.0 = Release|Any CPU
		{3DE74B9A-8038-47E6-8EA1-4DA70AE093BB}.Release|x86.ActiveCfg = Release|Any CPU
		{3DE74B9A-8038-47E6-8EA1-4DA70AE093BB}.Release|x86.Build.0 = Release|Any CPU
		{48640A09-3A2D-42C8-819D-5BD219756A81}.Debug|Any CPU.ActiveCfg = Debug|Any CPU
		{48640A09-3A2D-42C8-819D-5BD219756A81}.Debug|Any CPU.Build.0 = Debug|Any CPU
		{48640A09-3A2D-42C8-819D-5BD219756A81}.Debug|x86.ActiveCfg = Debug|Any CPU
		{48640A09-3A2D-42C8-819D-5BD219756A81}.Debug|x86.Build.0 = Debug|Any CPU
		{48640A09-3A2D-42C8-819D-5BD219756A81}.Release|Any CPU.ActiveCfg = Release|Any CPU
		{48640A09-3A2D-42C8-819D-5BD219756A81}.Release|Any CPU.Build.0 = Release|Any CPU
		{48640A09-3A2D-42C8-819D-5BD219756A81}.Release|x86.ActiveCfg = Release|Any CPU
		{48640A09-3A2D-42C8-819D-5BD219756A81}.Release|x86.Build.0 = Release|Any CPU
		{D3032E09-7D1D-4BFA-8905-E049246355FE}.Debug|Any CPU.ActiveCfg = Debug|Any CPU
		{D3032E09-7D1D-4BFA-8905-E049246355FE}.Debug|Any CPU.Build.0 = Debug|Any CPU
		{D3032E09-7D1D-4BFA-8905-E049246355FE}.Debug|x86.ActiveCfg = Debug|Any CPU
		{D3032E09-7D1D-4BFA-8905-E049246355FE}.Debug|x86.Build.0 = Debug|Any CPU
		{D3032E09-7D1D-4BFA-8905-E049246355FE}.Release|Any CPU.ActiveCfg = Release|Any CPU
		{D3032E09-7D1D-4BFA-8905-E049246355FE}.Release|Any CPU.Build.0 = Release|Any CPU
		{D3032E09-7D1D-4BFA-8905-E049246355FE}.Release|x86.ActiveCfg = Release|Any CPU
		{D3032E09-7D1D-4BFA-8905-E049246355FE}.Release|x86.Build.0 = Release|Any CPU
		{1B78868F-58CA-4263-9107-9BF756CBC7E5}.Debug|Any CPU.ActiveCfg = Debug|Any CPU
		{1B78868F-58CA-4263-9107-9BF756CBC7E5}.Debug|Any CPU.Build.0 = Debug|Any CPU
		{1B78868F-58CA-4263-9107-9BF756CBC7E5}.Debug|x86.ActiveCfg = Debug|Any CPU
		{1B78868F-58CA-4263-9107-9BF756CBC7E5}.Debug|x86.Build.0 = Debug|Any CPU
		{1B78868F-58CA-4263-9107-9BF756CBC7E5}.Release|Any CPU.ActiveCfg = Release|Any CPU
		{1B78868F-58CA-4263-9107-9BF756CBC7E5}.Release|Any CPU.Build.0 = Release|Any CPU
		{1B78868F-58CA-4263-9107-9BF756CBC7E5}.Release|x86.ActiveCfg = Release|Any CPU
		{1B78868F-58CA-4263-9107-9BF756CBC7E5}.Release|x86.Build.0 = Release|Any CPU
		{F7FAD2C9-6409-4E7D-9BE3-DE601DD8590F}.Debug|Any CPU.ActiveCfg = Debug|Any CPU
		{F7FAD2C9-6409-4E7D-9BE3-DE601DD8590F}.Debug|Any CPU.Build.0 = Debug|Any CPU
		{F7FAD2C9-6409-4E7D-9BE3-DE601DD8590F}.Debug|x86.ActiveCfg = Debug|Any CPU
		{F7FAD2C9-6409-4E7D-9BE3-DE601DD8590F}.Debug|x86.Build.0 = Debug|Any CPU
		{F7FAD2C9-6409-4E7D-9BE3-DE601DD8590F}.Release|Any CPU.ActiveCfg = Release|Any CPU
		{F7FAD2C9-6409-4E7D-9BE3-DE601DD8590F}.Release|Any CPU.Build.0 = Release|Any CPU
		{F7FAD2C9-6409-4E7D-9BE3-DE601DD8590F}.Release|x86.ActiveCfg = Release|Any CPU
		{F7FAD2C9-6409-4E7D-9BE3-DE601DD8590F}.Release|x86.Build.0 = Release|Any CPU
		{8DD55A84-7443-446C-9EC0-40B0FCFE093D}.Debug|Any CPU.ActiveCfg = Debug|Any CPU
		{8DD55A84-7443-446C-9EC0-40B0FCFE093D}.Debug|Any CPU.Build.0 = Debug|Any CPU
		{8DD55A84-7443-446C-9EC0-40B0FCFE093D}.Debug|x86.ActiveCfg = Debug|Any CPU
		{8DD55A84-7443-446C-9EC0-40B0FCFE093D}.Debug|x86.Build.0 = Debug|Any CPU
		{8DD55A84-7443-446C-9EC0-40B0FCFE093D}.Release|Any CPU.ActiveCfg = Release|Any CPU
		{8DD55A84-7443-446C-9EC0-40B0FCFE093D}.Release|Any CPU.Build.0 = Release|Any CPU
		{8DD55A84-7443-446C-9EC0-40B0FCFE093D}.Release|x86.ActiveCfg = Release|Any CPU
		{8DD55A84-7443-446C-9EC0-40B0FCFE093D}.Release|x86.Build.0 = Release|Any CPU
		{EFB94BBC-D95B-4BCF-9319-6DC56FE57B3E}.Debug|Any CPU.ActiveCfg = Debug|Any CPU
		{EFB94BBC-D95B-4BCF-9319-6DC56FE57B3E}.Debug|Any CPU.Build.0 = Debug|Any CPU
		{EFB94BBC-D95B-4BCF-9319-6DC56FE57B3E}.Debug|x86.ActiveCfg = Debug|Any CPU
		{EFB94BBC-D95B-4BCF-9319-6DC56FE57B3E}.Debug|x86.Build.0 = Debug|Any CPU
		{EFB94BBC-D95B-4BCF-9319-6DC56FE57B3E}.Release|Any CPU.ActiveCfg = Release|Any CPU
		{EFB94BBC-D95B-4BCF-9319-6DC56FE57B3E}.Release|Any CPU.Build.0 = Release|Any CPU
		{EFB94BBC-D95B-4BCF-9319-6DC56FE57B3E}.Release|x86.ActiveCfg = Release|Any CPU
		{EFB94BBC-D95B-4BCF-9319-6DC56FE57B3E}.Release|x86.Build.0 = Release|Any CPU
		{A5A4E1C2-225D-4503-97A2-F2783E16A2C4}.Debug|Any CPU.ActiveCfg = Debug|Any CPU
		{A5A4E1C2-225D-4503-97A2-F2783E16A2C4}.Debug|Any CPU.Build.0 = Debug|Any CPU
		{A5A4E1C2-225D-4503-97A2-F2783E16A2C4}.Debug|x86.ActiveCfg = Debug|Any CPU
		{A5A4E1C2-225D-4503-97A2-F2783E16A2C4}.Debug|x86.Build.0 = Debug|Any CPU
		{A5A4E1C2-225D-4503-97A2-F2783E16A2C4}.Release|Any CPU.ActiveCfg = Release|Any CPU
		{A5A4E1C2-225D-4503-97A2-F2783E16A2C4}.Release|Any CPU.Build.0 = Release|Any CPU
		{A5A4E1C2-225D-4503-97A2-F2783E16A2C4}.Release|x86.ActiveCfg = Release|Any CPU
		{A5A4E1C2-225D-4503-97A2-F2783E16A2C4}.Release|x86.Build.0 = Release|Any CPU
		{0E88CB19-0F25-4CD8-A27F-D97D667F6297}.Debug|Any CPU.ActiveCfg = Debug|Any CPU
		{0E88CB19-0F25-4CD8-A27F-D97D667F6297}.Debug|Any CPU.Build.0 = Debug|Any CPU
		{0E88CB19-0F25-4CD8-A27F-D97D667F6297}.Debug|x86.ActiveCfg = Debug|Any CPU
		{0E88CB19-0F25-4CD8-A27F-D97D667F6297}.Debug|x86.Build.0 = Debug|Any CPU
		{0E88CB19-0F25-4CD8-A27F-D97D667F6297}.Release|Any CPU.ActiveCfg = Release|Any CPU
		{0E88CB19-0F25-4CD8-A27F-D97D667F6297}.Release|Any CPU.Build.0 = Release|Any CPU
		{0E88CB19-0F25-4CD8-A27F-D97D667F6297}.Release|x86.ActiveCfg = Release|Any CPU
		{0E88CB19-0F25-4CD8-A27F-D97D667F6297}.Release|x86.Build.0 = Release|Any CPU
		{76C4CBAC-C1F8-4572-A3EB-EC73B5FE36EB}.Debug|Any CPU.ActiveCfg = Debug|Any CPU
		{76C4CBAC-C1F8-4572-A3EB-EC73B5FE36EB}.Debug|Any CPU.Build.0 = Debug|Any CPU
		{76C4CBAC-C1F8-4572-A3EB-EC73B5FE36EB}.Debug|x86.ActiveCfg = Debug|Any CPU
		{76C4CBAC-C1F8-4572-A3EB-EC73B5FE36EB}.Debug|x86.Build.0 = Debug|Any CPU
		{76C4CBAC-C1F8-4572-A3EB-EC73B5FE36EB}.Release|Any CPU.ActiveCfg = Release|Any CPU
		{76C4CBAC-C1F8-4572-A3EB-EC73B5FE36EB}.Release|Any CPU.Build.0 = Release|Any CPU
		{76C4CBAC-C1F8-4572-A3EB-EC73B5FE36EB}.Release|x86.ActiveCfg = Release|Any CPU
		{76C4CBAC-C1F8-4572-A3EB-EC73B5FE36EB}.Release|x86.Build.0 = Release|Any CPU
		{BE42951B-552A-4685-9586-1054EF7F60AD}.Debug|Any CPU.ActiveCfg = Debug|Any CPU
		{BE42951B-552A-4685-9586-1054EF7F60AD}.Debug|Any CPU.Build.0 = Debug|Any CPU
		{BE42951B-552A-4685-9586-1054EF7F60AD}.Debug|x86.ActiveCfg = Debug|Any CPU
		{BE42951B-552A-4685-9586-1054EF7F60AD}.Debug|x86.Build.0 = Debug|Any CPU
		{BE42951B-552A-4685-9586-1054EF7F60AD}.Release|Any CPU.ActiveCfg = Release|Any CPU
		{BE42951B-552A-4685-9586-1054EF7F60AD}.Release|Any CPU.Build.0 = Release|Any CPU
		{BE42951B-552A-4685-9586-1054EF7F60AD}.Release|x86.ActiveCfg = Release|Any CPU
		{BE42951B-552A-4685-9586-1054EF7F60AD}.Release|x86.Build.0 = Release|Any CPU
		{CE6F53D8-F486-428A-B8C1-A6C4936DA2AD}.Debug|Any CPU.ActiveCfg = Debug|Any CPU
		{CE6F53D8-F486-428A-B8C1-A6C4936DA2AD}.Debug|Any CPU.Build.0 = Debug|Any CPU
		{CE6F53D8-F486-428A-B8C1-A6C4936DA2AD}.Debug|x86.ActiveCfg = Debug|Any CPU
		{CE6F53D8-F486-428A-B8C1-A6C4936DA2AD}.Debug|x86.Build.0 = Debug|Any CPU
		{CE6F53D8-F486-428A-B8C1-A6C4936DA2AD}.Release|Any CPU.ActiveCfg = Release|Any CPU
		{CE6F53D8-F486-428A-B8C1-A6C4936DA2AD}.Release|Any CPU.Build.0 = Release|Any CPU
		{CE6F53D8-F486-428A-B8C1-A6C4936DA2AD}.Release|x86.ActiveCfg = Release|Any CPU
		{CE6F53D8-F486-428A-B8C1-A6C4936DA2AD}.Release|x86.Build.0 = Release|Any CPU
		{642BFDED-229D-4891-B686-88644EF366EA}.Debug|Any CPU.ActiveCfg = Debug|Any CPU
		{642BFDED-229D-4891-B686-88644EF366EA}.Debug|Any CPU.Build.0 = Debug|Any CPU
		{642BFDED-229D-4891-B686-88644EF366EA}.Debug|x86.ActiveCfg = Debug|Any CPU
		{642BFDED-229D-4891-B686-88644EF366EA}.Debug|x86.Build.0 = Debug|Any CPU
		{642BFDED-229D-4891-B686-88644EF366EA}.Release|Any CPU.ActiveCfg = Release|Any CPU
		{642BFDED-229D-4891-B686-88644EF366EA}.Release|Any CPU.Build.0 = Release|Any CPU
		{642BFDED-229D-4891-B686-88644EF366EA}.Release|x86.ActiveCfg = Release|Any CPU
		{642BFDED-229D-4891-B686-88644EF366EA}.Release|x86.Build.0 = Release|Any CPU
		{AC615FF0-0D64-465D-9250-6A7DB8F42987}.Debug|Any CPU.ActiveCfg = Debug|Any CPU
		{AC615FF0-0D64-465D-9250-6A7DB8F42987}.Debug|Any CPU.Build.0 = Debug|Any CPU
		{AC615FF0-0D64-465D-9250-6A7DB8F42987}.Debug|x86.ActiveCfg = Debug|Any CPU
		{AC615FF0-0D64-465D-9250-6A7DB8F42987}.Debug|x86.Build.0 = Debug|Any CPU
		{AC615FF0-0D64-465D-9250-6A7DB8F42987}.Release|Any CPU.ActiveCfg = Release|Any CPU
		{AC615FF0-0D64-465D-9250-6A7DB8F42987}.Release|Any CPU.Build.0 = Release|Any CPU
		{AC615FF0-0D64-465D-9250-6A7DB8F42987}.Release|x86.ActiveCfg = Release|Any CPU
		{AC615FF0-0D64-465D-9250-6A7DB8F42987}.Release|x86.Build.0 = Release|Any CPU
		{987E4439-2A69-496D-B293-438B3148709B}.Debug|Any CPU.ActiveCfg = Debug|Any CPU
		{987E4439-2A69-496D-B293-438B3148709B}.Debug|Any CPU.Build.0 = Debug|Any CPU
		{987E4439-2A69-496D-B293-438B3148709B}.Debug|x86.ActiveCfg = Debug|Any CPU
		{987E4439-2A69-496D-B293-438B3148709B}.Debug|x86.Build.0 = Debug|Any CPU
		{987E4439-2A69-496D-B293-438B3148709B}.Release|Any CPU.ActiveCfg = Release|Any CPU
		{987E4439-2A69-496D-B293-438B3148709B}.Release|Any CPU.Build.0 = Release|Any CPU
		{987E4439-2A69-496D-B293-438B3148709B}.Release|x86.ActiveCfg = Release|Any CPU
		{987E4439-2A69-496D-B293-438B3148709B}.Release|x86.Build.0 = Release|Any CPU
		{61903105-86BA-4505-AB2E-02417A9E90DC}.Debug|Any CPU.ActiveCfg = Debug|Any CPU
		{61903105-86BA-4505-AB2E-02417A9E90DC}.Debug|Any CPU.Build.0 = Debug|Any CPU
		{61903105-86BA-4505-AB2E-02417A9E90DC}.Debug|x86.ActiveCfg = Debug|Any CPU
		{61903105-86BA-4505-AB2E-02417A9E90DC}.Debug|x86.Build.0 = Debug|Any CPU
		{61903105-86BA-4505-AB2E-02417A9E90DC}.Release|Any CPU.ActiveCfg = Release|Any CPU
		{61903105-86BA-4505-AB2E-02417A9E90DC}.Release|Any CPU.Build.0 = Release|Any CPU
		{61903105-86BA-4505-AB2E-02417A9E90DC}.Release|x86.ActiveCfg = Release|Any CPU
		{61903105-86BA-4505-AB2E-02417A9E90DC}.Release|x86.Build.0 = Release|Any CPU
		{94990AA5-D4C0-4C4B-B8B6-1D14344E759A}.Debug|Any CPU.ActiveCfg = Debug|Any CPU
		{94990AA5-D4C0-4C4B-B8B6-1D14344E759A}.Debug|Any CPU.Build.0 = Debug|Any CPU
		{94990AA5-D4C0-4C4B-B8B6-1D14344E759A}.Debug|x86.ActiveCfg = Debug|Any CPU
		{94990AA5-D4C0-4C4B-B8B6-1D14344E759A}.Debug|x86.Build.0 = Debug|Any CPU
		{94990AA5-D4C0-4C4B-B8B6-1D14344E759A}.Release|Any CPU.ActiveCfg = Release|Any CPU
		{94990AA5-D4C0-4C4B-B8B6-1D14344E759A}.Release|Any CPU.Build.0 = Release|Any CPU
		{94990AA5-D4C0-4C4B-B8B6-1D14344E759A}.Release|x86.ActiveCfg = Release|Any CPU
		{94990AA5-D4C0-4C4B-B8B6-1D14344E759A}.Release|x86.Build.0 = Release|Any CPU
		{DFDEEA6D-C2BF-479E-9A7F-D5A2C7026AC5}.Debug|Any CPU.ActiveCfg = Debug|Any CPU
		{DFDEEA6D-C2BF-479E-9A7F-D5A2C7026AC5}.Debug|Any CPU.Build.0 = Debug|Any CPU
		{DFDEEA6D-C2BF-479E-9A7F-D5A2C7026AC5}.Debug|x86.ActiveCfg = Debug|Any CPU
		{DFDEEA6D-C2BF-479E-9A7F-D5A2C7026AC5}.Debug|x86.Build.0 = Debug|Any CPU
		{DFDEEA6D-C2BF-479E-9A7F-D5A2C7026AC5}.Release|Any CPU.ActiveCfg = Release|Any CPU
		{DFDEEA6D-C2BF-479E-9A7F-D5A2C7026AC5}.Release|Any CPU.Build.0 = Release|Any CPU
		{DFDEEA6D-C2BF-479E-9A7F-D5A2C7026AC5}.Release|x86.ActiveCfg = Release|Any CPU
		{DFDEEA6D-C2BF-479E-9A7F-D5A2C7026AC5}.Release|x86.Build.0 = Release|Any CPU
		{4377134D-5F6B-4B5C-B8D4-77272C9B394C}.Debug|Any CPU.ActiveCfg = Debug|Any CPU
		{4377134D-5F6B-4B5C-B8D4-77272C9B394C}.Debug|Any CPU.Build.0 = Debug|Any CPU
		{4377134D-5F6B-4B5C-B8D4-77272C9B394C}.Debug|x86.ActiveCfg = Debug|Any CPU
		{4377134D-5F6B-4B5C-B8D4-77272C9B394C}.Debug|x86.Build.0 = Debug|Any CPU
		{4377134D-5F6B-4B5C-B8D4-77272C9B394C}.Release|Any CPU.ActiveCfg = Release|Any CPU
		{4377134D-5F6B-4B5C-B8D4-77272C9B394C}.Release|Any CPU.Build.0 = Release|Any CPU
		{4377134D-5F6B-4B5C-B8D4-77272C9B394C}.Release|x86.ActiveCfg = Release|Any CPU
		{4377134D-5F6B-4B5C-B8D4-77272C9B394C}.Release|x86.Build.0 = Release|Any CPU
		{C4B53D86-B049-4369-9559-B9BC9C1928E7}.Debug|Any CPU.ActiveCfg = Debug|Any CPU
		{C4B53D86-B049-4369-9559-B9BC9C1928E7}.Debug|Any CPU.Build.0 = Debug|Any CPU
		{C4B53D86-B049-4369-9559-B9BC9C1928E7}.Debug|x86.ActiveCfg = Debug|Any CPU
		{C4B53D86-B049-4369-9559-B9BC9C1928E7}.Debug|x86.Build.0 = Debug|Any CPU
		{C4B53D86-B049-4369-9559-B9BC9C1928E7}.Release|Any CPU.ActiveCfg = Release|Any CPU
		{C4B53D86-B049-4369-9559-B9BC9C1928E7}.Release|Any CPU.Build.0 = Release|Any CPU
		{C4B53D86-B049-4369-9559-B9BC9C1928E7}.Release|x86.ActiveCfg = Release|Any CPU
		{C4B53D86-B049-4369-9559-B9BC9C1928E7}.Release|x86.Build.0 = Release|Any CPU
		{8CAC0A27-7700-4EB5-87AC-DFFACF9A976B}.Debug|Any CPU.ActiveCfg = Debug|Any CPU
		{8CAC0A27-7700-4EB5-87AC-DFFACF9A976B}.Debug|Any CPU.Build.0 = Debug|Any CPU
		{8CAC0A27-7700-4EB5-87AC-DFFACF9A976B}.Debug|x86.ActiveCfg = Debug|Any CPU
		{8CAC0A27-7700-4EB5-87AC-DFFACF9A976B}.Debug|x86.Build.0 = Debug|Any CPU
		{8CAC0A27-7700-4EB5-87AC-DFFACF9A976B}.Release|Any CPU.ActiveCfg = Release|Any CPU
		{8CAC0A27-7700-4EB5-87AC-DFFACF9A976B}.Release|Any CPU.Build.0 = Release|Any CPU
		{8CAC0A27-7700-4EB5-87AC-DFFACF9A976B}.Release|x86.ActiveCfg = Release|Any CPU
		{8CAC0A27-7700-4EB5-87AC-DFFACF9A976B}.Release|x86.Build.0 = Release|Any CPU
		{73BC01F7-4C7E-4922-BE18-1838311912A6}.Debug|Any CPU.ActiveCfg = Debug|Any CPU
		{73BC01F7-4C7E-4922-BE18-1838311912A6}.Debug|Any CPU.Build.0 = Debug|Any CPU
		{73BC01F7-4C7E-4922-BE18-1838311912A6}.Debug|x86.ActiveCfg = Debug|Any CPU
		{73BC01F7-4C7E-4922-BE18-1838311912A6}.Debug|x86.Build.0 = Debug|Any CPU
		{73BC01F7-4C7E-4922-BE18-1838311912A6}.Release|Any CPU.ActiveCfg = Release|Any CPU
		{73BC01F7-4C7E-4922-BE18-1838311912A6}.Release|Any CPU.Build.0 = Release|Any CPU
		{73BC01F7-4C7E-4922-BE18-1838311912A6}.Release|x86.ActiveCfg = Release|Any CPU
		{73BC01F7-4C7E-4922-BE18-1838311912A6}.Release|x86.Build.0 = Release|Any CPU
		{821D217F-9C9C-4501-82FF-2C7BE3037CE3}.Debug|Any CPU.ActiveCfg = Debug|Any CPU
		{821D217F-9C9C-4501-82FF-2C7BE3037CE3}.Debug|Any CPU.Build.0 = Debug|Any CPU
		{821D217F-9C9C-4501-82FF-2C7BE3037CE3}.Debug|x86.ActiveCfg = Debug|Any CPU
		{821D217F-9C9C-4501-82FF-2C7BE3037CE3}.Debug|x86.Build.0 = Debug|Any CPU
		{821D217F-9C9C-4501-82FF-2C7BE3037CE3}.Release|Any CPU.ActiveCfg = Release|Any CPU
		{821D217F-9C9C-4501-82FF-2C7BE3037CE3}.Release|Any CPU.Build.0 = Release|Any CPU
		{821D217F-9C9C-4501-82FF-2C7BE3037CE3}.Release|x86.ActiveCfg = Release|Any CPU
		{821D217F-9C9C-4501-82FF-2C7BE3037CE3}.Release|x86.Build.0 = Release|Any CPU
		{53EF2755-B4C4-49EF-9AEA-4BFC970292D4}.Debug|Any CPU.ActiveCfg = Debug|Any CPU
		{53EF2755-B4C4-49EF-9AEA-4BFC970292D4}.Debug|Any CPU.Build.0 = Debug|Any CPU
		{53EF2755-B4C4-49EF-9AEA-4BFC970292D4}.Debug|x86.ActiveCfg = Debug|Any CPU
		{53EF2755-B4C4-49EF-9AEA-4BFC970292D4}.Debug|x86.Build.0 = Debug|Any CPU
		{53EF2755-B4C4-49EF-9AEA-4BFC970292D4}.Release|Any CPU.ActiveCfg = Release|Any CPU
		{53EF2755-B4C4-49EF-9AEA-4BFC970292D4}.Release|Any CPU.Build.0 = Release|Any CPU
		{53EF2755-B4C4-49EF-9AEA-4BFC970292D4}.Release|x86.ActiveCfg = Release|Any CPU
		{53EF2755-B4C4-49EF-9AEA-4BFC970292D4}.Release|x86.Build.0 = Release|Any CPU
		{20A790F4-5091-4E9F-B8EA-EEC166DD0CD1}.Debug|Any CPU.ActiveCfg = Debug|Any CPU
		{20A790F4-5091-4E9F-B8EA-EEC166DD0CD1}.Debug|Any CPU.Build.0 = Debug|Any CPU
		{20A790F4-5091-4E9F-B8EA-EEC166DD0CD1}.Debug|x86.ActiveCfg = Debug|Any CPU
		{20A790F4-5091-4E9F-B8EA-EEC166DD0CD1}.Debug|x86.Build.0 = Debug|Any CPU
		{20A790F4-5091-4E9F-B8EA-EEC166DD0CD1}.Release|Any CPU.ActiveCfg = Release|Any CPU
		{20A790F4-5091-4E9F-B8EA-EEC166DD0CD1}.Release|Any CPU.Build.0 = Release|Any CPU
		{20A790F4-5091-4E9F-B8EA-EEC166DD0CD1}.Release|x86.ActiveCfg = Release|Any CPU
		{20A790F4-5091-4E9F-B8EA-EEC166DD0CD1}.Release|x86.Build.0 = Release|Any CPU
		{934A4E49-2DE9-4797-8AA4-C94CA56D009B}.Debug|Any CPU.ActiveCfg = Debug|Any CPU
		{934A4E49-2DE9-4797-8AA4-C94CA56D009B}.Debug|Any CPU.Build.0 = Debug|Any CPU
		{934A4E49-2DE9-4797-8AA4-C94CA56D009B}.Debug|x86.ActiveCfg = Debug|x86
		{934A4E49-2DE9-4797-8AA4-C94CA56D009B}.Debug|x86.Build.0 = Debug|x86
		{934A4E49-2DE9-4797-8AA4-C94CA56D009B}.Release|Any CPU.ActiveCfg = Release|Any CPU
		{934A4E49-2DE9-4797-8AA4-C94CA56D009B}.Release|Any CPU.Build.0 = Release|Any CPU
		{934A4E49-2DE9-4797-8AA4-C94CA56D009B}.Release|x86.ActiveCfg = Release|x86
		{934A4E49-2DE9-4797-8AA4-C94CA56D009B}.Release|x86.Build.0 = Release|x86
		{795FD210-5E6C-4DF1-BD36-A1D68A145F18}.Debug|Any CPU.ActiveCfg = Debug|Any CPU
		{795FD210-5E6C-4DF1-BD36-A1D68A145F18}.Debug|Any CPU.Build.0 = Debug|Any CPU
		{795FD210-5E6C-4DF1-BD36-A1D68A145F18}.Debug|x86.ActiveCfg = Debug|Any CPU
		{795FD210-5E6C-4DF1-BD36-A1D68A145F18}.Debug|x86.Build.0 = Debug|Any CPU
		{795FD210-5E6C-4DF1-BD36-A1D68A145F18}.Release|Any CPU.ActiveCfg = Release|Any CPU
		{795FD210-5E6C-4DF1-BD36-A1D68A145F18}.Release|Any CPU.Build.0 = Release|Any CPU
		{795FD210-5E6C-4DF1-BD36-A1D68A145F18}.Release|x86.ActiveCfg = Release|Any CPU
		{795FD210-5E6C-4DF1-BD36-A1D68A145F18}.Release|x86.Build.0 = Release|Any CPU
		{BD3DEBC2-E760-40C4-B14C-2BB2BFBC1AD7}.Debug|Any CPU.ActiveCfg = Debug|Any CPU
		{BD3DEBC2-E760-40C4-B14C-2BB2BFBC1AD7}.Debug|Any CPU.Build.0 = Debug|Any CPU
		{BD3DEBC2-E760-40C4-B14C-2BB2BFBC1AD7}.Debug|x86.ActiveCfg = Debug|Any CPU
		{BD3DEBC2-E760-40C4-B14C-2BB2BFBC1AD7}.Debug|x86.Build.0 = Debug|Any CPU
		{BD3DEBC2-E760-40C4-B14C-2BB2BFBC1AD7}.Release|Any CPU.ActiveCfg = Release|Any CPU
		{BD3DEBC2-E760-40C4-B14C-2BB2BFBC1AD7}.Release|Any CPU.Build.0 = Release|Any CPU
		{BD3DEBC2-E760-40C4-B14C-2BB2BFBC1AD7}.Release|x86.ActiveCfg = Release|Any CPU
		{BD3DEBC2-E760-40C4-B14C-2BB2BFBC1AD7}.Release|x86.Build.0 = Release|Any CPU
		{E53D7C50-D844-4C81-B95E-DBF465A0242D}.Debug|Any CPU.ActiveCfg = Debug|Any CPU
		{E53D7C50-D844-4C81-B95E-DBF465A0242D}.Debug|Any CPU.Build.0 = Debug|Any CPU
		{E53D7C50-D844-4C81-B95E-DBF465A0242D}.Debug|x86.ActiveCfg = Debug|Any CPU
		{E53D7C50-D844-4C81-B95E-DBF465A0242D}.Debug|x86.Build.0 = Debug|Any CPU
		{E53D7C50-D844-4C81-B95E-DBF465A0242D}.Release|Any CPU.ActiveCfg = Release|Any CPU
		{E53D7C50-D844-4C81-B95E-DBF465A0242D}.Release|Any CPU.Build.0 = Release|Any CPU
		{E53D7C50-D844-4C81-B95E-DBF465A0242D}.Release|x86.ActiveCfg = Release|Any CPU
		{E53D7C50-D844-4C81-B95E-DBF465A0242D}.Release|x86.Build.0 = Release|Any CPU
		{9371C1F6-D706-4D3D-AC9D-B81DBA43C43A}.Debug|Any CPU.ActiveCfg = Debug|Any CPU
		{9371C1F6-D706-4D3D-AC9D-B81DBA43C43A}.Debug|Any CPU.Build.0 = Debug|Any CPU
		{9371C1F6-D706-4D3D-AC9D-B81DBA43C43A}.Debug|x86.ActiveCfg = Debug|Any CPU
		{9371C1F6-D706-4D3D-AC9D-B81DBA43C43A}.Debug|x86.Build.0 = Debug|Any CPU
		{9371C1F6-D706-4D3D-AC9D-B81DBA43C43A}.Release|Any CPU.ActiveCfg = Release|Any CPU
		{9371C1F6-D706-4D3D-AC9D-B81DBA43C43A}.Release|Any CPU.Build.0 = Release|Any CPU
		{9371C1F6-D706-4D3D-AC9D-B81DBA43C43A}.Release|x86.ActiveCfg = Release|Any CPU
		{9371C1F6-D706-4D3D-AC9D-B81DBA43C43A}.Release|x86.Build.0 = Release|Any CPU
		{9632C823-BF87-4BFA-AFDA-013E84F98930}.Debug|Any CPU.ActiveCfg = Debug|Any CPU
		{9632C823-BF87-4BFA-AFDA-013E84F98930}.Debug|Any CPU.Build.0 = Debug|Any CPU
		{9632C823-BF87-4BFA-AFDA-013E84F98930}.Debug|x86.ActiveCfg = Debug|Any CPU
		{9632C823-BF87-4BFA-AFDA-013E84F98930}.Debug|x86.Build.0 = Debug|Any CPU
		{9632C823-BF87-4BFA-AFDA-013E84F98930}.Release|Any CPU.ActiveCfg = Release|Any CPU
		{9632C823-BF87-4BFA-AFDA-013E84F98930}.Release|Any CPU.Build.0 = Release|Any CPU
		{9632C823-BF87-4BFA-AFDA-013E84F98930}.Release|x86.ActiveCfg = Release|Any CPU
		{9632C823-BF87-4BFA-AFDA-013E84F98930}.Release|x86.Build.0 = Release|Any CPU
		{D03A0D00-70BA-4C3F-BA6E-27278F69B67F}.Debug|Any CPU.ActiveCfg = Debug|Any CPU
		{D03A0D00-70BA-4C3F-BA6E-27278F69B67F}.Debug|Any CPU.Build.0 = Debug|Any CPU
		{D03A0D00-70BA-4C3F-BA6E-27278F69B67F}.Debug|x86.ActiveCfg = Debug|Any CPU
		{D03A0D00-70BA-4C3F-BA6E-27278F69B67F}.Debug|x86.Build.0 = Debug|Any CPU
		{D03A0D00-70BA-4C3F-BA6E-27278F69B67F}.Release|Any CPU.ActiveCfg = Release|Any CPU
		{D03A0D00-70BA-4C3F-BA6E-27278F69B67F}.Release|Any CPU.Build.0 = Release|Any CPU
		{D03A0D00-70BA-4C3F-BA6E-27278F69B67F}.Release|x86.ActiveCfg = Release|Any CPU
		{D03A0D00-70BA-4C3F-BA6E-27278F69B67F}.Release|x86.Build.0 = Release|Any CPU
		{50ECDDC4-0FA1-4419-8794-7952ED3D14B4}.Debug|Any CPU.ActiveCfg = Debug|Any CPU
		{50ECDDC4-0FA1-4419-8794-7952ED3D14B4}.Debug|Any CPU.Build.0 = Debug|Any CPU
		{50ECDDC4-0FA1-4419-8794-7952ED3D14B4}.Debug|x86.ActiveCfg = Debug|Any CPU
		{50ECDDC4-0FA1-4419-8794-7952ED3D14B4}.Debug|x86.Build.0 = Debug|Any CPU
		{50ECDDC4-0FA1-4419-8794-7952ED3D14B4}.Release|Any CPU.ActiveCfg = Release|Any CPU
		{50ECDDC4-0FA1-4419-8794-7952ED3D14B4}.Release|Any CPU.Build.0 = Release|Any CPU
		{50ECDDC4-0FA1-4419-8794-7952ED3D14B4}.Release|x86.ActiveCfg = Release|Any CPU
		{50ECDDC4-0FA1-4419-8794-7952ED3D14B4}.Release|x86.Build.0 = Release|Any CPU
		{8E7997AE-1354-4468-BBD6-F64A36FB1805}.Debug|Any CPU.ActiveCfg = Debug|Any CPU
		{8E7997AE-1354-4468-BBD6-F64A36FB1805}.Debug|Any CPU.Build.0 = Debug|Any CPU
		{8E7997AE-1354-4468-BBD6-F64A36FB1805}.Debug|x86.ActiveCfg = Debug|Any CPU
		{8E7997AE-1354-4468-BBD6-F64A36FB1805}.Debug|x86.Build.0 = Debug|Any CPU
		{8E7997AE-1354-4468-BBD6-F64A36FB1805}.Release|Any CPU.ActiveCfg = Release|Any CPU
		{8E7997AE-1354-4468-BBD6-F64A36FB1805}.Release|Any CPU.Build.0 = Release|Any CPU
		{8E7997AE-1354-4468-BBD6-F64A36FB1805}.Release|x86.ActiveCfg = Release|Any CPU
		{8E7997AE-1354-4468-BBD6-F64A36FB1805}.Release|x86.Build.0 = Release|Any CPU
		{EA7BC02E-F444-46C4-9BE2-8E6679E9E346}.Debug|Any CPU.ActiveCfg = Debug|Any CPU
		{EA7BC02E-F444-46C4-9BE2-8E6679E9E346}.Debug|Any CPU.Build.0 = Debug|Any CPU
		{EA7BC02E-F444-46C4-9BE2-8E6679E9E346}.Debug|x86.ActiveCfg = Debug|Any CPU
		{EA7BC02E-F444-46C4-9BE2-8E6679E9E346}.Debug|x86.Build.0 = Debug|Any CPU
		{EA7BC02E-F444-46C4-9BE2-8E6679E9E346}.Release|Any CPU.ActiveCfg = Release|Any CPU
		{EA7BC02E-F444-46C4-9BE2-8E6679E9E346}.Release|Any CPU.Build.0 = Release|Any CPU
		{EA7BC02E-F444-46C4-9BE2-8E6679E9E346}.Release|x86.ActiveCfg = Release|Any CPU
		{EA7BC02E-F444-46C4-9BE2-8E6679E9E346}.Release|x86.Build.0 = Release|Any CPU
		{CF1DF550-7008-4EAE-BF42-A964694A29B8}.Debug|Any CPU.ActiveCfg = Debug|Any CPU
		{CF1DF550-7008-4EAE-BF42-A964694A29B8}.Debug|Any CPU.Build.0 = Debug|Any CPU
		{CF1DF550-7008-4EAE-BF42-A964694A29B8}.Debug|x86.ActiveCfg = Debug|Any CPU
		{CF1DF550-7008-4EAE-BF42-A964694A29B8}.Debug|x86.Build.0 = Debug|Any CPU
		{CF1DF550-7008-4EAE-BF42-A964694A29B8}.Release|Any CPU.ActiveCfg = Release|Any CPU
		{CF1DF550-7008-4EAE-BF42-A964694A29B8}.Release|Any CPU.Build.0 = Release|Any CPU
		{CF1DF550-7008-4EAE-BF42-A964694A29B8}.Release|x86.ActiveCfg = Release|Any CPU
		{CF1DF550-7008-4EAE-BF42-A964694A29B8}.Release|x86.Build.0 = Release|Any CPU
		{A04CDE6B-6809-4A13-8100-381546236F1F}.Debug|Any CPU.ActiveCfg = Debug|Any CPU
		{A04CDE6B-6809-4A13-8100-381546236F1F}.Debug|Any CPU.Build.0 = Debug|Any CPU
		{A04CDE6B-6809-4A13-8100-381546236F1F}.Debug|x86.ActiveCfg = Debug|Any CPU
		{A04CDE6B-6809-4A13-8100-381546236F1F}.Debug|x86.Build.0 = Debug|Any CPU
		{A04CDE6B-6809-4A13-8100-381546236F1F}.Release|Any CPU.ActiveCfg = Release|Any CPU
		{A04CDE6B-6809-4A13-8100-381546236F1F}.Release|Any CPU.Build.0 = Release|Any CPU
		{A04CDE6B-6809-4A13-8100-381546236F1F}.Release|x86.ActiveCfg = Release|Any CPU
		{A04CDE6B-6809-4A13-8100-381546236F1F}.Release|x86.Build.0 = Release|Any CPU
	EndGlobalSection
	GlobalSection(SolutionProperties) = preSolution
		HideSolutionNode = FALSE
	EndGlobalSection
	GlobalSection(ExtensibilityGlobals) = postSolution
		SolutionGuid = {3A43DBE6-6DDA-44FC-9E6F-8A3CDE23EEB9}
	EndGlobalSection
EndGlobal
